<?xml version="1.0" encoding="utf-8"?>
<Project ToolsVersion="4.0" xmlns="http://schemas.microsoft.com/developer/msbuild/2003">
  <ItemGroup>
    <Filter Include="Source Files">
      <UniqueIdentifier>{4FC737F1-C7A5-4376-A066-2A32D752A2FF}</UniqueIdentifier>
      <Extensions>cpp;c;cc;cxx;def;odl;idl;hpj;bat;asm;asmx</Extensions>
    </Filter>
    <Filter Include="Header Files">
      <UniqueIdentifier>{93995380-89BD-4b04-88EB-625FBE52EBFB}</UniqueIdentifier>
      <Extensions>h;hh;hpp;hxx;hm;inl;inc;ipp;xsd</Extensions>
    </Filter>
    <Filter Include="Resource Files">
      <UniqueIdentifier>{67DA6AB6-F800-4c08-8B7A-83BB121AAD01}</UniqueIdentifier>
      <Extensions>rc;ico;cur;bmp;dlg;rc2;rct;bin;rgs;gif;jpg;jpeg;jpe;resx;tiff;tif;png;wav;mfcribbon-ms</Extensions>
    </Filter>
  </ItemGroup>
  <ItemGroup>
    <ClInclude Include="remoteApi\extApi.h">
      <Filter>Header Files</Filter>
    </ClInclude>
    <ClInclude Include="remoteApi\extApiInternal.h">
      <Filter>Header Files</Filter>
    </ClInclude>
    <ClInclude Include="remoteApi\extApiPlatform.h">
      <Filter>Header Files</Filter>
    </ClInclude>
    <ClInclude Include="Communication\encoding.h">
      <Filter>Header Files</Filter>
    </ClInclude>
    <ClInclude Include="Communication\MultiPacketUDPCommunication.h">
      <Filter>Header Files</Filter>
    </ClInclude>
    <ClInclude Include="Communication\NonspecificTaggedUDPCommunication.h">
      <Filter>Header Files</Filter>
    </ClInclude>
    <ClInclude Include="Communication\PriorityUDPCommunication.h">
      <Filter>Header Files</Filter>
    </ClInclude>
    <ClInclude Include="Communication\TaggedUDPCommunication.h">
      <Filter>Header Files</Filter>
    </ClInclude>
    <ClInclude Include="Communication\TribotsUDPCommunication.h">
      <Filter>Header Files</Filter>
    </ClInclude>
    <ClInclude Include="Communication\UDPCommunicationStatistics.h">
      <Filter>Header Files</Filter>
    </ClInclude>
    <ClInclude Include="Communication\UDPSocket.h">
      <Filter>Header Files</Filter>
    </ClInclude>
    <ClInclude Include="Structures\FieldGeometry.h">
      <Filter>Header Files</Filter>
    </ClInclude>
    <ClInclude Include="Structures\RobotStatusPackage.h">
      <Filter>Header Files</Filter>
    </ClInclude>
    <ClInclude Include="Fundamental\Time.h">
      <Filter>Header Files</Filter>
    </ClInclude>
    <ClInclude Include="Fundamental\RingBuffer.h">
      <Filter>Header Files</Filter>
    </ClInclude>
    <ClInclude Include="Fundamental\stringconvert.h">
      <Filter>Header Files</Filter>
    </ClInclude>
  </ItemGroup>
  <ItemGroup>
    <ClCompile Include="main.cpp">
      <Filter>Source Files</Filter>
    </ClCompile>
    <ClCompile Include="remoteApi\extApi.c">
      <Filter>Source Files</Filter>
    </ClCompile>
    <ClCompile Include="remoteApi\extApiPlatform.c">
      <Filter>Source Files</Filter>
    </ClCompile>
    <ClCompile Include="Communication\encoding.cc">
      <Filter>Source Files</Filter>
    </ClCompile>
    <ClCompile Include="Communication\MultiPacketUDPCommunication.cc">
      <Filter>Source Files</Filter>
    </ClCompile>
    <ClCompile Include="Communication\NonspecificTaggedUDPCommunication.cc">
      <Filter>Source Files</Filter>
    </ClCompile>
    <ClCompile Include="Communication\PriorityUDPCommunication.cc">
      <Filter>Source Files</Filter>
    </ClCompile>
    <ClCompile Include="Communication\TaggedUDPCommunication.cc">
      <Filter>Source Files</Filter>
    </ClCompile>
    <ClCompile Include="Communication\TribotsUDPCommunication.cc">
      <Filter>Source Files</Filter>
    </ClCompile>
    <ClCompile Include="Communication\UDPSocket.cc">
      <Filter>Source Files</Filter>
    </ClCompile>
    <ClCompile Include="Structures\FieldGeometry.cc">
      <Filter>Source Files</Filter>
    </ClCompile>
    <ClCompile Include="Structures\RobotStatusPackage.cpp">
      <Filter>Source Files</Filter>
    </ClCompile>
    <ClCompile Include="Fundamental\Time.cpp">
      <Filter>Source Files</Filter>
    </ClCompile>
    <ClCompile Include="Fundamental\stringconvert.cpp">
      <Filter>Source Files</Filter>
    </ClCompile>
  </ItemGroup>
</Project>